
Microsoft Visual Studio Solution File, Format Version 12.00
# Visual Studio Version 17
VisualStudioVersion = 17.9.34622.214
MinimumVisualStudioVersion = 10.0.40219.1
Project("{9A19103F-16F7-4668-BE54-9A1E7A4F7556}") = "CompanyEmployees", "CompanyEmployees\CompanyEmployees.csproj", "{06698988-F3EE-49A9-A223-35A52AF0E385}"
EndProject
Project("{9A19103F-16F7-4668-BE54-9A1E7A4F7556}") = "Contracts", "Contracts\Contracts.csproj", "{C67AF82A-0277-4D02-9A13-D1CCFDE8437D}"
EndProject
Project("{9A19103F-16F7-4668-BE54-9A1E7A4F7556}") = "LoggerService", "LoggerService\LoggerService.csproj", "{822B7796-4D0A-4375-805F-60EF3A215416}"
EndProject
Project("{9A19103F-16F7-4668-BE54-9A1E7A4F7556}") = "Entities", "Entities\Entities.csproj", "{57D63FBD-0E0C-447A-9D0C-BB94D83EF7D7}"
EndProject
Project("{9A19103F-16F7-4668-BE54-9A1E7A4F7556}") = "Repository", "Repository\Repository.csproj", "{708A4235-C552-459B-87B6-0AF3C23B8F93}"
EndProject
Project("{9A19103F-16F7-4668-BE54-9A1E7A4F7556}") = "Service.Contracts", "Service.Contracts\Service.Contracts.csproj", "{B1139CE6-6CDF-4DF8-B0A4-76372AA01D8F}"
EndProject
Project("{9A19103F-16F7-4668-BE54-9A1E7A4F7556}") = "Service", "Service\Service.csproj", "{5CC3D8D2-31AE-4413-A50C-CBFF6771026D}"
EndProject
Project("{9A19103F-16F7-4668-BE54-9A1E7A4F7556}") = "CompanyEmployees.Presentation", "CompanyEmployees.Presentation\CompanyEmployees.Presentation.csproj", "{7DF1384F-687E-4C47-9C85-40A1970F0132}"
EndProject
Project("{9A19103F-16F7-4668-BE54-9A1E7A4F7556}") = "Shared", "Shared\Shared.csproj", "{BE46C3FB-4FB3-4272-9528-23520BC49DEA}"
EndProject
Global
	GlobalSection(SolutionConfigurationPlatforms) = preSolution
		Debug|Any CPU = Debug|Any CPU
		Release|Any CPU = Release|Any CPU
	EndGlobalSection
	GlobalSection(ProjectConfigurationPlatforms) = postSolution
		{06698988-F3EE-49A9-A223-35A52AF0E385}.Debug|Any CPU.ActiveCfg = Debug|Any CPU
		{06698988-F3EE-49A9-A223-35A52AF0E385}.Debug|Any CPU.Build.0 = Debug|Any CPU
		{06698988-F3EE-49A9-A223-35A52AF0E385}.Release|Any CPU.ActiveCfg = Release|Any CPU
		{06698988-F3EE-49A9-A223-35A52AF0E385}.Release|Any CPU.Build.0 = Release|Any CPU
		{C67AF82A-0277-4D02-9A13-D1CCFDE8437D}.Debug|Any CPU.ActiveCfg = Debug|Any CPU
		{C67AF82A-0277-4D02-9A13-D1CCFDE8437D}.Debug|Any CPU.Build.0 = Debug|Any CPU
		{C67AF82A-0277-4D02-9A13-D1CCFDE8437D}.Release|Any CPU.ActiveCfg = Release|Any CPU
		{C67AF82A-0277-4D02-9A13-D1CCFDE8437D}.Release|Any CPU.Build.0 = Release|Any CPU
		{822B7796-4D0A-4375-805F-60EF3A215416}.Debug|Any CPU.ActiveCfg = Debug|Any CPU
		{822B7796-4D0A-4375-805F-60EF3A215416}.Debug|Any CPU.Build.0 = Debug|Any CPU
		{822B7796-4D0A-4375-805F-60EF3A215416}.Release|Any CPU.ActiveCfg = Release|Any CPU
		{822B7796-4D0A-4375-805F-60EF3A215416}.Release|Any CPU.Build.0 = Release|Any CPU
		{57D63FBD-0E0C-447A-9D0C-BB94D83EF7D7}.Debug|Any CPU.ActiveCfg = Debug|Any CPU
		{57D63FBD-0E0C-447A-9D0C-BB94D83EF7D7}.Debug|Any CPU.Build.0 = Debug|Any CPU
		{57D63FBD-0E0C-447A-9D0C-BB94D83EF7D7}.Release|Any CPU.ActiveCfg = Release|Any CPU
		{57D63FBD-0E0C-447A-9D0C-BB94D83EF7D7}.Release|Any CPU.Build.0 = Release|Any CPU
		{708A4235-C552-459B-87B6-0AF3C23B8F93}.Debug|Any CPU.ActiveCfg = Debug|Any CPU
		{708A4235-C552-459B-87B6-0AF3C23B8F93}.Debug|Any CPU.Build.0 = Debug|Any CPU
		{708A4235-C552-459B-87B6-0AF3C23B8F93}.Release|Any CPU.ActiveCfg = Release|Any CPU
		{708A4235-C552-459B-87B6-0AF3C23B8F93}.Release|Any CPU.Build.0 = Release|Any CPU
		{B1139CE6-6CDF-4DF8-B0A4-76372AA01D8F}.Debug|Any CPU.ActiveCfg = Debug|Any CPU
		{B1139CE6-6CDF-4DF8-B0A4-76372AA01D8F}.Debug|Any CPU.Build.0 = Debug|Any CPU
		{B1139CE6-6CDF-4DF8-B0A4-76372AA01D8F}.Release|Any CPU.ActiveCfg = Release|Any CPU
		{B1139CE6-6CDF-4DF8-B0A4-76372AA01D8F}.Release|Any CPU.Build.0 = Release|Any CPU
		{5CC3D8D2-31AE-4413-A50C-CBFF6771026D}.Debug|Any CPU.ActiveCfg = Debug|Any CPU
		{5CC3D8D2-31AE-4413-A50C-CBFF6771026D}.Debug|Any CPU.Build.0 = Debug|Any CPU
		{5CC3D8D2-31AE-4413-A50C-CBFF6771026D}.Release|Any CPU.ActiveCfg = Release|Any CPU
		{5CC3D8D2-31AE-4413-A50C-CBFF6771026D}.Release|Any CPU.Build.0 = Release|Any CPU
		{7DF1384F-687E-4C47-9C85-40A1970F0132}.Debug|Any CPU.ActiveCfg = Debug|Any CPU
		{7DF1384F-687E-4C47-9C85-40A1970F0132}.Debug|Any CPU.Build.0 = Debug|Any CPU
		{7DF1384F-687E-4C47-9C85-40A1970F0132}.Release|Any CPU.ActiveCfg = Release|Any CPU
		{7DF1384F-687E-4C47-9C85-40A1970F0132}.Release|Any CPU.Build.0 = Release|Any CPU
		{BE46C3FB-4FB3-4272-9528-23520BC49DEA}.Debug|Any CPU.ActiveCfg = Debug|Any CPU
		{BE46C3FB-4FB3-4272-9528-23520BC49DEA}.Debug|Any CPU.Build.0 = Debug|Any CPU
		{BE46C3FB-4FB3-4272-9528-23520BC49DEA}.Release|Any CPU.ActiveCfg = Release|Any CPU
		{BE46C3FB-4FB3-4272-9528-23520BC49DEA}.Release|Any CPU.Build.0 = Release|Any CPU
	EndGlobalSection
	GlobalSection(SolutionProperties) = preSolution
		HideSolutionNode = FALSE
	EndGlobalSection
	GlobalSection(ExtensibilityGlobals) = postSolution
		SolutionGuid = {059A100B-02DC-4770-871D-1DC3CA64FB1F}
	EndGlobalSection
EndGlobal
